
Microsoft Visual Studio Solution File, Format Version 12.00
# Visual Studio Version 17
VisualStudioVersion = 17.0.31903.59
MinimumVisualStudioVersion = 10.0.40219.1
Project("{2150E333-8FDC-42A3-9474-1A3956D46DE8}") = "src", "src", "{827E0CD3-B72D-47B6-A68D-7590B98EB39B}"
EndProject
Project("{FAE04EC0-301F-11D3-BF4B-00C04F79EFBC}") = "VAlgo.API", "src\VAlgo.API\VAlgo.API.csproj", "{68F5D310-3B50-4E35-88F9-9E3EF82513B3}"
EndProject
Project("{FAE04EC0-301F-11D3-BF4B-00C04F79EFBC}") = "VAlgo.Bootstrapper", "src\VAlgo.Bootstrapper\VAlgo.Bootstrapper.csproj", "{00E48ACA-99F9-4650-AF46-03EEA0EFA43F}"
EndProject
Project("{2150E333-8FDC-42A3-9474-1A3956D46DE8}") = "SharedKernel", "SharedKernel", "{85F909CB-8F14-ECC8-BA9D-713D1771907F}"
EndProject
Project("{FAE04EC0-301F-11D3-BF4B-00C04F79EFBC}") = "VAlgo.SharedKernel", "src\SharedKernel\VAlgo.SharedKernel\VAlgo.SharedKernel.csproj", "{8598202D-6BB2-4B8E-AAE4-E54B0D0253D5}"
EndProject
Project("{FAE04EC0-301F-11D3-BF4B-00C04F79EFBC}") = "VAlgo.JudgeWorker", "src\VAlgo.JudgeWorker\VAlgo.JudgeWorker.csproj", "{B200BA93-A55A-4010-AB89-AD3CE894B5CD}"
EndProject
Project("{2150E333-8FDC-42A3-9474-1A3956D46DE8}") = "Modules", "Modules", "{EC447DCF-ABFA-6E24-52A5-D7FD48A5C558}"
EndProject
Project("{2150E333-8FDC-42A3-9474-1A3956D46DE8}") = "Submissions", "Submissions", "{A1FB850F-602F-3AC8-40BD-F232B1DC8099}"
EndProject
Project("{FAE04EC0-301F-11D3-BF4B-00C04F79EFBC}") = "VAlgo.Modules.Submissions", "src\Modules\Submissions\VAlgo.Modules.Submissions.csproj", "{278D2A42-A18E-4D14-AC75-6C2053392BF0}"
EndProject
Project("{2150E333-8FDC-42A3-9474-1A3956D46DE8}") = "ProblemManagement", "ProblemManagement", "{74781FC8-6149-9FEA-87BB-73573462B9AB}"
EndProject
Project("{FAE04EC0-301F-11D3-BF4B-00C04F79EFBC}") = "VAlgo.Modules.ProblemManagement", "src\Modules\ProblemManagement\VAlgo.Modules.ProblemManagement.csproj", "{67A21A21-7876-4DF5-8579-25ADE17CDF83}"
EndProject
Project("{2150E333-8FDC-42A3-9474-1A3956D46DE8}") = "ProblemClassification", "ProblemClassification", "{CC97BCF9-CFA3-D1DC-BD21-48119987003A}"
EndProject
Project("{FAE04EC0-301F-11D3-BF4B-00C04F79EFBC}") = "VAlgo.Modules.ProblemClassification", "src\Modules\ProblemClassification\VAlgo.Modules.ProblemClassification.csproj", "{3553B5C5-B6C0-4A5A-B0D6-059DD1B73010}"
EndProject
Project("{2150E333-8FDC-42A3-9474-1A3956D46DE8}") = "Identity", "Identity", "{0EC62A1A-9858-3A60-8A0C-FC9AACFA2EC7}"
EndProject
Project("{FAE04EC0-301F-11D3-BF4B-00C04F79EFBC}") = "VAlgo.Modules.Identity", "src\Modules\Identity\VAlgo.Modules.Identity.csproj", "{7A9D85B5-673D-43DA-8A34-FF07C7DC14C2}"
EndProject
Global
	GlobalSection(SolutionConfigurationPlatforms) = preSolution
		Debug|Any CPU = Debug|Any CPU
		Debug|x64 = Debug|x64
		Debug|x86 = Debug|x86
		Release|Any CPU = Release|Any CPU
		Release|x64 = Release|x64
		Release|x86 = Release|x86
	EndGlobalSection
	GlobalSection(ProjectConfigurationPlatforms) = postSolution
		{68F5D310-3B50-4E35-88F9-9E3EF82513B3}.Debug|Any CPU.ActiveCfg = Debug|Any CPU
		{68F5D310-3B50-4E35-88F9-9E3EF82513B3}.Debug|Any CPU.Build.0 = Debug|Any CPU
		{68F5D310-3B50-4E35-88F9-9E3EF82513B3}.Debug|x64.ActiveCfg = Debug|Any CPU
		{68F5D310-3B50-4E35-88F9-9E3EF82513B3}.Debug|x64.Build.0 = Debug|Any CPU
		{68F5D310-3B50-4E35-88F9-9E3EF82513B3}.Debug|x86.ActiveCfg = Debug|Any CPU
		{68F5D310-3B50-4E35-88F9-9E3EF82513B3}.Debug|x86.Build.0 = Debug|Any CPU
		{68F5D310-3B50-4E35-88F9-9E3EF82513B3}.Release|Any CPU.ActiveCfg = Release|Any CPU
		{68F5D310-3B50-4E35-88F9-9E3EF82513B3}.Release|Any CPU.Build.0 = Release|Any CPU
		{68F5D310-3B50-4E35-88F9-9E3EF82513B3}.Release|x64.ActiveCfg = Release|Any CPU
		{68F5D310-3B50-4E35-88F9-9E3EF82513B3}.Release|x64.Build.0 = Release|Any CPU
		{68F5D310-3B50-4E35-88F9-9E3EF82513B3}.Release|x86.ActiveCfg = Release|Any CPU
		{68F5D310-3B50-4E35-88F9-9E3EF82513B3}.Release|x86.Build.0 = Release|Any CPU
		{00E48ACA-99F9-4650-AF46-03EEA0EFA43F}.Debug|Any CPU.ActiveCfg = Debug|Any CPU
		{00E48ACA-99F9-4650-AF46-03EEA0EFA43F}.Debug|Any CPU.Build.0 = Debug|Any CPU
		{00E48ACA-99F9-4650-AF46-03EEA0EFA43F}.Debug|x64.ActiveCfg = Debug|Any CPU
		{00E48ACA-99F9-4650-AF46-03EEA0EFA43F}.Debug|x64.Build.0 = Debug|Any CPU
		{00E48ACA-99F9-4650-AF46-03EEA0EFA43F}.Debug|x86.ActiveCfg = Debug|Any CPU
		{00E48ACA-99F9-4650-AF46-03EEA0EFA43F}.Debug|x86.Build.0 = Debug|Any CPU
		{00E48ACA-99F9-4650-AF46-03EEA0EFA43F}.Release|Any CPU.ActiveCfg = Release|Any CPU
		{00E48ACA-99F9-4650-AF46-03EEA0EFA43F}.Release|Any CPU.Build.0 = Release|Any CPU
		{00E48ACA-99F9-4650-AF46-03EEA0EFA43F}.Release|x64.ActiveCfg = Release|Any CPU
		{00E48ACA-99F9-4650-AF46-03EEA0EFA43F}.Release|x64.Build.0 = Release|Any CPU
		{00E48ACA-99F9-4650-AF46-03EEA0EFA43F}.Release|x86.ActiveCfg = Release|Any CPU
		{00E48ACA-99F9-4650-AF46-03EEA0EFA43F}.Release|x86.Build.0 = Release|Any CPU
		{8598202D-6BB2-4B8E-AAE4-E54B0D0253D5}.Debug|Any CPU.ActiveCfg = Debug|Any CPU
		{8598202D-6BB2-4B8E-AAE4-E54B0D0253D5}.Debug|Any CPU.Build.0 = Debug|Any CPU
		{8598202D-6BB2-4B8E-AAE4-E54B0D0253D5}.Debug|x64.ActiveCfg = Debug|Any CPU
		{8598202D-6BB2-4B8E-AAE4-E54B0D0253D5}.Debug|x64.Build.0 = Debug|Any CPU
		{8598202D-6BB2-4B8E-AAE4-E54B0D0253D5}.Debug|x86.ActiveCfg = Debug|Any CPU
		{8598202D-6BB2-4B8E-AAE4-E54B0D0253D5}.Debug|x86.Build.0 = Debug|Any CPU
		{8598202D-6BB2-4B8E-AAE4-E54B0D0253D5}.Release|Any CPU.ActiveCfg = Release|Any CPU
		{8598202D-6BB2-4B8E-AAE4-E54B0D0253D5}.Release|Any CPU.Build.0 = Release|Any CPU
		{8598202D-6BB2-4B8E-AAE4-E54B0D0253D5}.Release|x64.ActiveCfg = Release|Any CPU
		{8598202D-6BB2-4B8E-AAE4-E54B0D0253D5}.Release|x64.Build.0 = Release|Any CPU
		{8598202D-6BB2-4B8E-AAE4-E54B0D0253D5}.Release|x86.ActiveCfg = Release|Any CPU
		{8598202D-6BB2-4B8E-AAE4-E54B0D0253D5}.Release|x86.Build.0 = Release|Any CPU
		{B200BA93-A55A-4010-AB89-AD3CE894B5CD}.Debug|Any CPU.ActiveCfg = Debug|Any CPU
		{B200BA93-A55A-4010-AB89-AD3CE894B5CD}.Debug|Any CPU.Build.0 = Debug|Any CPU
		{B200BA93-A55A-4010-AB89-AD3CE894B5CD}.Debug|x64.ActiveCfg = Debug|Any CPU
		{B200BA93-A55A-4010-AB89-AD3CE894B5CD}.Debug|x64.Build.0 = Debug|Any CPU
		{B200BA93-A55A-4010-AB89-AD3CE894B5CD}.Debug|x86.ActiveCfg = Debug|Any CPU
		{B200BA93-A55A-4010-AB89-AD3CE894B5CD}.Debug|x86.Build.0 = Debug|Any CPU
		{B200BA93-A55A-4010-AB89-AD3CE894B5CD}.Release|Any CPU.ActiveCfg = Release|Any CPU
		{B200BA93-A55A-4010-AB89-AD3CE894B5CD}.Release|Any CPU.Build.0 = Release|Any CPU
		{B200BA93-A55A-4010-AB89-AD3CE894B5CD}.Release|x64.ActiveCfg = Release|Any CPU
		{B200BA93-A55A-4010-AB89-AD3CE894B5CD}.Release|x64.Build.0 = Release|Any CPU
		{B200BA93-A55A-4010-AB89-AD3CE894B5CD}.Release|x86.ActiveCfg = Release|Any CPU
		{B200BA93-A55A-4010-AB89-AD3CE894B5CD}.Release|x86.Build.0 = Release|Any CPU
		{278D2A42-A18E-4D14-AC75-6C2053392BF0}.Debug|Any CPU.ActiveCfg = Debug|Any CPU
		{278D2A42-A18E-4D14-AC75-6C2053392BF0}.Debug|Any CPU.Build.0 = Debug|Any CPU
		{278D2A42-A18E-4D14-AC75-6C2053392BF0}.Debug|x64.ActiveCfg = Debug|Any CPU
		{278D2A42-A18E-4D14-AC75-6C2053392BF0}.Debug|x64.Build.0 = Debug|Any CPU
		{278D2A42-A18E-4D14-AC75-6C2053392BF0}.Debug|x86.ActiveCfg = Debug|Any CPU
		{278D2A42-A18E-4D14-AC75-6C2053392BF0}.Debug|x86.Build.0 = Debug|Any CPU
		{278D2A42-A18E-4D14-AC75-6C2053392BF0}.Release|Any CPU.ActiveCfg = Release|Any CPU
		{278D2A42-A18E-4D14-AC75-6C2053392BF0}.Release|Any CPU.Build.0 = Release|Any CPU
		{278D2A42-A18E-4D14-AC75-6C2053392BF0}.Release|x64.ActiveCfg = Release|Any CPU
		{278D2A42-A18E-4D14-AC75-6C2053392BF0}.Release|x64.Build.0 = Release|Any CPU
		{278D2A42-A18E-4D14-AC75-6C2053392BF0}.Release|x86.ActiveCfg = Release|Any CPU
		{278D2A42-A18E-4D14-AC75-6C2053392BF0}.Release|x86.Build.0 = Release|Any CPU
		{67A21A21-7876-4DF5-8579-25ADE17CDF83}.Debug|Any CPU.ActiveCfg = Debug|Any CPU
		{67A21A21-7876-4DF5-8579-25ADE17CDF83}.Debug|Any CPU.Build.0 = Debug|Any CPU
		{67A21A21-7876-4DF5-8579-25ADE17CDF83}.Debug|x64.ActiveCfg = Debug|Any CPU
		{67A21A21-7876-4DF5-8579-25ADE17CDF83}.Debug|x64.Build.0 = Debug|Any CPU
		{67A21A21-7876-4DF5-8579-25ADE17CDF83}.Debug|x86.ActiveCfg = Debug|Any CPU
		{67A21A21-7876-4DF5-8579-25ADE17CDF83}.Debug|x86.Build.0 = Debug|Any CPU
		{67A21A21-7876-4DF5-8579-25ADE17CDF83}.Release|Any CPU.ActiveCfg = Release|Any CPU
		{67A21A21-7876-4DF5-8579-25ADE17CDF83}.Release|Any CPU.Build.0 = Release|Any CPU
		{67A21A21-7876-4DF5-8579-25ADE17CDF83}.Release|x64.ActiveCfg = Release|Any CPU
		{67A21A21-7876-4DF5-8579-25ADE17CDF83}.Release|x64.Build.0 = Release|Any CPU
		{67A21A21-7876-4DF5-8579-25ADE17CDF83}.Release|x86.ActiveCfg = Release|Any CPU
		{67A21A21-7876-4DF5-8579-25ADE17CDF83}.Release|x86.Build.0 = Release|Any CPU
		{3553B5C5-B6C0-4A5A-B0D6-059DD1B73010}.Debug|Any CPU.ActiveCfg = Debug|Any CPU
		{3553B5C5-B6C0-4A5A-B0D6-059DD1B73010}.Debug|Any CPU.Build.0 = Debug|Any CPU
		{3553B5C5-B6C0-4A5A-B0D6-059DD1B73010}.Debug|x64.ActiveCfg = Debug|Any CPU
		{3553B5C5-B6C0-4A5A-B0D6-059DD1B73010}.Debug|x64.Build.0 = Debug|Any CPU
		{3553B5C5-B6C0-4A5A-B0D6-059DD1B73010}.Debug|x86.ActiveCfg = Debug|Any CPU
		{3553B5C5-B6C0-4A5A-B0D6-059DD1B73010}.Debug|x86.Build.0 = Debug|Any CPU
		{3553B5C5-B6C0-4A5A-B0D6-059DD1B73010}.Release|Any CPU.ActiveCfg = Release|Any CPU
		{3553B5C5-B6C0-4A5A-B0D6-059DD1B73010}.Release|Any CPU.Build.0 = Release|Any CPU
		{3553B5C5-B6C0-4A5A-B0D6-059DD1B73010}.Release|x64.ActiveCfg = Release|Any CPU
		{3553B5C5-B6C0-4A5A-B0D6-059DD1B73010}.Release|x64.Build.0 = Release|Any CPU
		{3553B5C5-B6C0-4A5A-B0D6-059DD1B73010}.Release|x86.ActiveCfg = Release|Any CPU
		{3553B5C5-B6C0-4A5A-B0D6-059DD1B73010}.Release|x86.Build.0 = Release|Any CPU
		{7A9D85B5-673D-43DA-8A34-FF07C7DC14C2}.Debug|Any CPU.ActiveCfg = Debug|Any CPU
		{7A9D85B5-673D-43DA-8A34-FF07C7DC14C2}.Debug|Any CPU.Build.0 = Debug|Any CPU
		{7A9D85B5-673D-43DA-8A34-FF07C7DC14C2}.Debug|x64.ActiveCfg = Debug|Any CPU
		{7A9D85B5-673D-43DA-8A34-FF07C7DC14C2}.Debug|x64.Build.0 = Debug|Any CPU
		{7A9D85B5-673D-43DA-8A34-FF07C7DC14C2}.Debug|x86.ActiveCfg = Debug|Any CPU
		{7A9D85B5-673D-43DA-8A34-FF07C7DC14C2}.Debug|x86.Build.0 = Debug|Any CPU
		{7A9D85B5-673D-43DA-8A34-FF07C7DC14C2}.Release|Any CPU.ActiveCfg = Release|Any CPU
		{7A9D85B5-673D-43DA-8A34-FF07C7DC14C2}.Release|Any CPU.Build.0 = Release|Any CPU
		{7A9D85B5-673D-43DA-8A34-FF07C7DC14C2}.Release|x64.ActiveCfg = Release|Any CPU
		{7A9D85B5-673D-43DA-8A34-FF07C7DC14C2}.Release|x64.Build.0 = Release|Any CPU
		{7A9D85B5-673D-43DA-8A34-FF07C7DC14C2}.Release|x86.ActiveCfg = Release|Any CPU
		{7A9D85B5-673D-43DA-8A34-FF07C7DC14C2}.Release|x86.Build.0 = Release|Any CPU
	EndGlobalSection
	GlobalSection(SolutionProperties) = preSolution
		HideSolutionNode = FALSE
	EndGlobalSection
	GlobalSection(NestedProjects) = preSolution
		{68F5D310-3B50-4E35-88F9-9E3EF82513B3} = {827E0CD3-B72D-47B6-A68D-7590B98EB39B}
		{00E48ACA-99F9-4650-AF46-03EEA0EFA43F} = {827E0CD3-B72D-47B6-A68D-7590B98EB39B}
		{85F909CB-8F14-ECC8-BA9D-713D1771907F} = {827E0CD3-B72D-47B6-A68D-7590B98EB39B}
		{8598202D-6BB2-4B8E-AAE4-E54B0D0253D5} = {85F909CB-8F14-ECC8-BA9D-713D1771907F}
		{B200BA93-A55A-4010-AB89-AD3CE894B5CD} = {827E0CD3-B72D-47B6-A68D-7590B98EB39B}
		{EC447DCF-ABFA-6E24-52A5-D7FD48A5C558} = {827E0CD3-B72D-47B6-A68D-7590B98EB39B}
		{A1FB850F-602F-3AC8-40BD-F232B1DC8099} = {EC447DCF-ABFA-6E24-52A5-D7FD48A5C558}
		{278D2A42-A18E-4D14-AC75-6C2053392BF0} = {A1FB850F-602F-3AC8-40BD-F232B1DC8099}
		{74781FC8-6149-9FEA-87BB-73573462B9AB} = {EC447DCF-ABFA-6E24-52A5-D7FD48A5C558}
		{67A21A21-7876-4DF5-8579-25ADE17CDF83} = {74781FC8-6149-9FEA-87BB-73573462B9AB}
		{CC97BCF9-CFA3-D1DC-BD21-48119987003A} = {EC447DCF-ABFA-6E24-52A5-D7FD48A5C558}
		{3553B5C5-B6C0-4A5A-B0D6-059DD1B73010} = {CC97BCF9-CFA3-D1DC-BD21-48119987003A}
		{0EC62A1A-9858-3A60-8A0C-FC9AACFA2EC7} = {EC447DCF-ABFA-6E24-52A5-D7FD48A5C558}
		{7A9D85B5-673D-43DA-8A34-FF07C7DC14C2} = {0EC62A1A-9858-3A60-8A0C-FC9AACFA2EC7}
	EndGlobalSection
EndGlobal
